{
  "name": "@arbendium/mock-esm",
  "version": "2.2.1",
  "lockfileVersion": 2,
  "requires": true,
  "dev": true,
  "packages": {
    "": {
      "name": "@arbendium/mock-esm",
      "version": "2.2.1",
      "license": "ISC",
      "devDependencies": {
        "@arbendium/mock-esm": "."
      }
    },
    "node_modules/@arbendium/mock-esm": {
      "resolved": "",
      "link": true
    }
  },
  "dependencies": {
    "@arbendium/mock-esm": {
      "version": "file:",
      "requires": {
        "@arbendium/mock-esm": "."
      }
    }
  }
}
